
Microsoft Visual Studio Solution File, Format Version 12.00
# Visual Studio Version 16
VisualStudioVersion = 16.0.30711.63
MinimumVisualStudioVersion = 10.0.40219.1
Project("{FAE04EC0-301F-11D3-BF4B-00C04F79EFBC}") = "Inlämningsuppgift", "Inlämningsuppgift\Inlämningsuppgift.csproj", "{F24E5F27-DC5B-4C8B-A95D-DFD63BC692C3}"
EndProject
Global
	GlobalSection(SolutionConfigurationPlatforms) = preSolution
		Debug|Any CPU = Debug|Any CPU
		Release|Any CPU = Release|Any CPU
	EndGlobalSection
	GlobalSection(ProjectConfigurationPlatforms) = postSolution
		{F24E5F27-DC5B-4C8B-A95D-DFD63BC692C3}.Debug|Any CPU.ActiveCfg = Debug|Any CPU
		{F24E5F27-DC5B-4C8B-A95D-DFD63BC692C3}.Debug|Any CPU.Build.0 = Debug|Any CPU
		{F24E5F27-DC5B-4C8B-A95D-DFD63BC692C3}.Release|Any CPU.ActiveCfg = Release|Any CPU
		{F24E5F27-DC5B-4C8B-A95D-DFD63BC692C3}.Release|Any CPU.Build.0 = Release|Any CPU
	EndGlobalSection
	GlobalSection(SolutionProperties) = preSolution
		HideSolutionNode = FALSE
	EndGlobalSection
	GlobalSection(ExtensibilityGlobals) = postSolution
		SolutionGuid = {DD351B89-3CE7-4BA5-A8CB-2F76254BF719}
	EndGlobalSection
EndGlobal
